
Microsoft Visual Studio Solution File, Format Version 12.00
# Visual Studio 15
VisualStudioVersion = 15.0.26430.6
MinimumVisualStudioVersion = 10.0.40219.1
Project("{FAE04EC0-301F-11D3-BF4B-00C04F79EFBC}") = "WaterMeter", "WaterMeter\WaterMeter.csproj", "{37909059-67BE-462A-80E4-6C6C2779BEEE}"
EndProject
Project("{FAE04EC0-301F-11D3-BF4B-00C04F79EFBC}") = "Scratch", "Scratch\Scratch.csproj", "{C5237FAE-D8D0-4625-B330-29D3C25509D4}"
EndProject
Project("{FAE04EC0-301F-11D3-BF4B-00C04F79EFBC}") = "Caliban", "Caliban\Caliban.csproj", "{BEC1191B-C5D5-4BFB-8442-2F6AF92F089F}"
EndProject
Project("{FAE04EC0-301F-11D3-BF4B-00C04F79EFBC}") = "DebugLog", "DebugLog\DebugLog.csproj", "{6A19FC3C-67F1-4F2C-8986-43957F1605E0}"
EndProject
Project("{FAE04EC0-301F-11D3-BF4B-00C04F79EFBC}") = "WaterPuddle", "WaterPuddle\WaterPuddle.csproj", "{FE1C18A1-2E65-4A8D-8830-15C7FF51578B}"
EndProject
Project("{FAE04EC0-301F-11D3-BF4B-00C04F79EFBC}") = "Note", "Note\Note.csproj", "{9025743F-CF9E-49C9-A138-383D2F2FA8B4}"
EndProject
Project("{FAE04EC0-301F-11D3-BF4B-00C04F79EFBC}") = "SimpleVictory", "SimpleVictory\SimpleVictory.csproj", "{AB8A8347-53C6-4C64-A29B-5FD46E54291D}"
EndProject
Project("{FAE04EC0-301F-11D3-BF4B-00C04F79EFBC}") = "Resources", "Resources\Resources.csproj", "{C3060E62-16C7-4B07-99C3-C6E791F5241C}"
EndProject
Project("{FAE04EC0-301F-11D3-BF4B-00C04F79EFBC}") = "TornMap", "TornMap\TornMap.csproj", "{34B2AED6-0A1F-483A-AF7B-707B1D8200A1}"
EndProject
Project("{FAE04EC0-301F-11D3-BF4B-00C04F79EFBC}") = "CalibanApp", "CalibanApp\CalibanApp.csproj", "{16012FD9-8081-464B-A616-264D7F20DD06}"
EndProject
Global
	GlobalSection(SolutionConfigurationPlatforms) = preSolution
		Debug|Any CPU = Debug|Any CPU
		Release|Any CPU = Release|Any CPU
	EndGlobalSection
	GlobalSection(ProjectConfigurationPlatforms) = postSolution
		{37909059-67BE-462A-80E4-6C6C2779BEEE}.Debug|Any CPU.ActiveCfg = Debug|Any CPU
		{37909059-67BE-462A-80E4-6C6C2779BEEE}.Debug|Any CPU.Build.0 = Debug|Any CPU
		{37909059-67BE-462A-80E4-6C6C2779BEEE}.Release|Any CPU.ActiveCfg = Release|Any CPU
		{37909059-67BE-462A-80E4-6C6C2779BEEE}.Release|Any CPU.Build.0 = Release|Any CPU
		{C5237FAE-D8D0-4625-B330-29D3C25509D4}.Debug|Any CPU.ActiveCfg = Debug|Any CPU
		{C5237FAE-D8D0-4625-B330-29D3C25509D4}.Debug|Any CPU.Build.0 = Debug|Any CPU
		{C5237FAE-D8D0-4625-B330-29D3C25509D4}.Release|Any CPU.ActiveCfg = Release|Any CPU
		{C5237FAE-D8D0-4625-B330-29D3C25509D4}.Release|Any CPU.Build.0 = Release|Any CPU
		{BEC1191B-C5D5-4BFB-8442-2F6AF92F089F}.Debug|Any CPU.ActiveCfg = Debug|Any CPU
		{BEC1191B-C5D5-4BFB-8442-2F6AF92F089F}.Debug|Any CPU.Build.0 = Debug|Any CPU
		{BEC1191B-C5D5-4BFB-8442-2F6AF92F089F}.Release|Any CPU.ActiveCfg = Release|Any CPU
		{BEC1191B-C5D5-4BFB-8442-2F6AF92F089F}.Release|Any CPU.Build.0 = Release|Any CPU
		{6A19FC3C-67F1-4F2C-8986-43957F1605E0}.Debug|Any CPU.ActiveCfg = Debug|Any CPU
		{6A19FC3C-67F1-4F2C-8986-43957F1605E0}.Debug|Any CPU.Build.0 = Debug|Any CPU
		{6A19FC3C-67F1-4F2C-8986-43957F1605E0}.Release|Any CPU.ActiveCfg = Release|Any CPU
		{6A19FC3C-67F1-4F2C-8986-43957F1605E0}.Release|Any CPU.Build.0 = Release|Any CPU
		{FE1C18A1-2E65-4A8D-8830-15C7FF51578B}.Debug|Any CPU.ActiveCfg = Debug|Any CPU
		{FE1C18A1-2E65-4A8D-8830-15C7FF51578B}.Debug|Any CPU.Build.0 = Debug|Any CPU
		{FE1C18A1-2E65-4A8D-8830-15C7FF51578B}.Release|Any CPU.ActiveCfg = Release|Any CPU
		{FE1C18A1-2E65-4A8D-8830-15C7FF51578B}.Release|Any CPU.Build.0 = Release|Any CPU
		{9025743F-CF9E-49C9-A138-383D2F2FA8B4}.Debug|Any CPU.ActiveCfg = Debug|Any CPU
		{9025743F-CF9E-49C9-A138-383D2F2FA8B4}.Debug|Any CPU.Build.0 = Debug|Any CPU
		{9025743F-CF9E-49C9-A138-383D2F2FA8B4}.Release|Any CPU.ActiveCfg = Release|Any CPU
		{9025743F-CF9E-49C9-A138-383D2F2FA8B4}.Release|Any CPU.Build.0 = Release|Any CPU
		{AB8A8347-53C6-4C64-A29B-5FD46E54291D}.Debug|Any CPU.ActiveCfg = Debug|Any CPU
		{AB8A8347-53C6-4C64-A29B-5FD46E54291D}.Debug|Any CPU.Build.0 = Debug|Any CPU
		{AB8A8347-53C6-4C64-A29B-5FD46E54291D}.Release|Any CPU.ActiveCfg = Release|Any CPU
		{AB8A8347-53C6-4C64-A29B-5FD46E54291D}.Release|Any CPU.Build.0 = Release|Any CPU
		{C3060E62-16C7-4B07-99C3-C6E791F5241C}.Debug|Any CPU.ActiveCfg = Debug|Any CPU
		{C3060E62-16C7-4B07-99C3-C6E791F5241C}.Debug|Any CPU.Build.0 = Debug|Any CPU
		{C3060E62-16C7-4B07-99C3-C6E791F5241C}.Release|Any CPU.ActiveCfg = Release|Any CPU
		{C3060E62-16C7-4B07-99C3-C6E791F5241C}.Release|Any CPU.Build.0 = Release|Any CPU
		{34B2AED6-0A1F-483A-AF7B-707B1D8200A1}.Debug|Any CPU.ActiveCfg = Debug|Any CPU
		{34B2AED6-0A1F-483A-AF7B-707B1D8200A1}.Debug|Any CPU.Build.0 = Debug|Any CPU
		{34B2AED6-0A1F-483A-AF7B-707B1D8200A1}.Release|Any CPU.ActiveCfg = Release|Any CPU
		{34B2AED6-0A1F-483A-AF7B-707B1D8200A1}.Release|Any CPU.Build.0 = Release|Any CPU
		{16012FD9-8081-464B-A616-264D7F20DD06}.Debug|Any CPU.ActiveCfg = Debug|Any CPU
		{16012FD9-8081-464B-A616-264D7F20DD06}.Debug|Any CPU.Build.0 = Debug|Any CPU
		{16012FD9-8081-464B-A616-264D7F20DD06}.Release|Any CPU.ActiveCfg = Release|Any CPU
		{16012FD9-8081-464B-A616-264D7F20DD06}.Release|Any CPU.Build.0 = Release|Any CPU
	EndGlobalSection
	GlobalSection(SolutionProperties) = preSolution
		HideSolutionNode = FALSE
	EndGlobalSection
EndGlobal
